
Microsoft Visual Studio Solution File, Format Version 9.00
# Visual Studio 2005
Project("{FAE04EC0-301F-11D3-BF4B-00C04F79EFBC}") = "SharpGps", "SharpGps\SharpGps.csproj", "{8516BA0A-3E52-4770-9D99-0C866B7E513B}"
EndProject
Project("{FAE04EC0-301F-11D3-BF4B-00C04F79EFBC}") = "Demo_PocketPC", "Demo_PocketPC\Demo_PocketPC.csproj", "{D4BCDBF5-C426-41B5-AACE-4FBA28AAEE23}"
EndProject
Project("{FAE04EC0-301F-11D3-BF4B-00C04F79EFBC}") = "Demo_WinForms", "Demo_WinForms\Demo_WinForms.csproj", "{58046503-369B-49B3-B9B3-D50144F7A368}"
EndProject
Project("{2150E333-8FDC-42A3-9474-1A3956D46DE8}") = "Dependencies", "Dependencies", "{431961E4-4111-4A41-AE3B-3792ECC957E0}"
	ProjectSection(SolutionItems) = preProject
		Dependencies\SharpMap.CoordinateSystems.dll = Dependencies\SharpMap.CoordinateSystems.dll
		Dependencies\SharpMap.CoordinateSystems.XML = Dependencies\SharpMap.CoordinateSystems.XML
	EndProjectSection
EndProject
Global
	GlobalSection(TeamFoundationVersionControl) = preSolution
		SccNumberOfProjects = 4
		SccEnterpriseProvider = {4CA58AB2-18FA-4F8D-95D4-32DDF27D184C}
		SccTeamFoundationServer = https://tfs03.codeplex.com/
		SccLocalPath0 = .
		SccProjectUniqueName1 = Demo_PocketPC\\Demo_PocketPC.csproj
		SccProjectName1 = Demo_PocketPC
		SccLocalPath1 = Demo_PocketPC
		SccProjectUniqueName2 = Demo_WinForms\\Demo_WinForms.csproj
		SccProjectName2 = Demo_WinForms
		SccLocalPath2 = Demo_WinForms
		SccProjectUniqueName3 = SharpGps\\SharpGps.csproj
		SccProjectName3 = SharpGps
		SccLocalPath3 = SharpGps
	EndGlobalSection
	GlobalSection(SolutionConfigurationPlatforms) = preSolution
		Debug PocketPC|Any CPU = Debug PocketPC|Any CPU
		Debug Windows|Any CPU = Debug Windows|Any CPU
		Release|Any CPU = Release|Any CPU
	EndGlobalSection
	GlobalSection(ProjectConfigurationPlatforms) = postSolution
		{8516BA0A-3E52-4770-9D99-0C866B7E513B}.Debug PocketPC|Any CPU.ActiveCfg = Debug PocketPC|Any CPU
		{8516BA0A-3E52-4770-9D99-0C866B7E513B}.Debug PocketPC|Any CPU.Build.0 = Debug PocketPC|Any CPU
		{8516BA0A-3E52-4770-9D99-0C866B7E513B}.Debug PocketPC|Any CPU.Deploy.0 = Debug PocketPC|Any CPU
		{8516BA0A-3E52-4770-9D99-0C866B7E513B}.Debug Windows|Any CPU.ActiveCfg = Debug|Any CPU
		{8516BA0A-3E52-4770-9D99-0C866B7E513B}.Debug Windows|Any CPU.Build.0 = Debug|Any CPU
		{8516BA0A-3E52-4770-9D99-0C866B7E513B}.Release|Any CPU.ActiveCfg = Release|Any CPU
		{8516BA0A-3E52-4770-9D99-0C866B7E513B}.Release|Any CPU.Build.0 = Release|Any CPU
		{D4BCDBF5-C426-41B5-AACE-4FBA28AAEE23}.Debug PocketPC|Any CPU.ActiveCfg = Debug PocketPC|Any CPU
		{D4BCDBF5-C426-41B5-AACE-4FBA28AAEE23}.Debug PocketPC|Any CPU.Build.0 = Debug PocketPC|Any CPU
		{D4BCDBF5-C426-41B5-AACE-4FBA28AAEE23}.Debug PocketPC|Any CPU.Deploy.0 = Debug PocketPC|Any CPU
		{D4BCDBF5-C426-41B5-AACE-4FBA28AAEE23}.Debug Windows|Any CPU.ActiveCfg = Debug|Any CPU
		{D4BCDBF5-C426-41B5-AACE-4FBA28AAEE23}.Release|Any CPU.ActiveCfg = Release|Any CPU
		{D4BCDBF5-C426-41B5-AACE-4FBA28AAEE23}.Release|Any CPU.Build.0 = Release|Any CPU
		{D4BCDBF5-C426-41B5-AACE-4FBA28AAEE23}.Release|Any CPU.Deploy.0 = Release|Any CPU
		{58046503-369B-49B3-B9B3-D50144F7A368}.Debug PocketPC|Any CPU.ActiveCfg = Debug PocketPC|Any CPU
		{58046503-369B-49B3-B9B3-D50144F7A368}.Debug Windows|Any CPU.ActiveCfg = Debug|Any CPU
		{58046503-369B-49B3-B9B3-D50144F7A368}.Debug Windows|Any CPU.Build.0 = Debug|Any CPU
		{58046503-369B-49B3-B9B3-D50144F7A368}.Release|Any CPU.ActiveCfg = Release|Any CPU
		{58046503-369B-49B3-B9B3-D50144F7A368}.Release|Any CPU.Build.0 = Release|Any CPU
	EndGlobalSection
	GlobalSection(SolutionProperties) = preSolution
		HideSolutionNode = FALSE
	EndGlobalSection
EndGlobal
